
Microsoft Visual Studio Solution File, Format Version 12.00
# Visual Studio Version 17
VisualStudioVersion = 17.7.34003.232
MinimumVisualStudioVersion = 10.0.40219.1
Project("{FAE04EC0-301F-11D3-BF4B-00C04F79EFBC}") = "DockerImageInfnetDevOpsSample", "DockerImageInfnetDevOpsSample\DockerImageInfnetDevOpsSample.csproj", "{99E72A3F-49A0-40B9-9DD7-CA100E7851A5}"
EndProject
Project("{FAE04EC0-301F-11D3-BF4B-00C04F79EFBC}") = "Teste", "Teste\Teste.csproj", "{380ACE82-FDF4-4A0E-8224-18AA97EFE463}"
EndProject
Global
	GlobalSection(SolutionConfigurationPlatforms) = preSolution
		Debug|Any CPU = Debug|Any CPU
		Release|Any CPU = Release|Any CPU
	EndGlobalSection
	GlobalSection(ProjectConfigurationPlatforms) = postSolution
		{99E72A3F-49A0-40B9-9DD7-CA100E7851A5}.Debug|Any CPU.ActiveCfg = Debug|Any CPU
		{99E72A3F-49A0-40B9-9DD7-CA100E7851A5}.Debug|Any CPU.Build.0 = Debug|Any CPU
		{99E72A3F-49A0-40B9-9DD7-CA100E7851A5}.Release|Any CPU.ActiveCfg = Release|Any CPU
		{99E72A3F-49A0-40B9-9DD7-CA100E7851A5}.Release|Any CPU.Build.0 = Release|Any CPU
		{380ACE82-FDF4-4A0E-8224-18AA97EFE463}.Debug|Any CPU.ActiveCfg = Debug|Any CPU
		{380ACE82-FDF4-4A0E-8224-18AA97EFE463}.Debug|Any CPU.Build.0 = Debug|Any CPU
		{380ACE82-FDF4-4A0E-8224-18AA97EFE463}.Release|Any CPU.ActiveCfg = Release|Any CPU
		{380ACE82-FDF4-4A0E-8224-18AA97EFE463}.Release|Any CPU.Build.0 = Release|Any CPU
	EndGlobalSection
	GlobalSection(SolutionProperties) = preSolution
		HideSolutionNode = FALSE
	EndGlobalSection
	GlobalSection(ExtensibilityGlobals) = postSolution
		SolutionGuid = {F04B73F9-A317-4A04-9F79-E358EFEBF7B7}
	EndGlobalSection
EndGlobal
